
Microsoft Visual Studio Solution File, Format Version 12.00
# Visual Studio Version 17
VisualStudioVersion = 17.4.33122.133
MinimumVisualStudioVersion = 10.0.40219.1
Project("{FAE04EC0-301F-11D3-BF4B-00C04F79EFBC}") = "WebServer", "./WebServer\WebServer.csproj", "{49BCABC6-8C71-4215-AC84-D99B232E8A91}"
EndProject
Global
	GlobalSection(SolutionConfigurationPlatforms) = preSolution
		Debug|Any CPU = Debug|Any CPU
		Release|Any CPU = Release|Any CPU
	EndGlobalSection
	GlobalSection(ProjectConfigurationPlatforms) = postSolution
		{49BCABC6-8C71-4215-AC84-D99B232E8A91}.Debug|Any CPU.ActiveCfg = Debug|Any CPU
		{49BCABC6-8C71-4215-AC84-D99B232E8A91}.Debug|Any CPU.Build.0 = Debug|Any CPU
		{49BCABC6-8C71-4215-AC84-D99B232E8A91}.Release|Any CPU.ActiveCfg = Release|Any CPU
		{49BCABC6-8C71-4215-AC84-D99B232E8A91}.Release|Any CPU.Build.0 = Release|Any CPU
	EndGlobalSection
	GlobalSection(SolutionProperties) = preSolution
		HideSolutionNode = FALSE
	EndGlobalSection
	GlobalSection(ExtensibilityGlobals) = postSolution
		SolutionGuid = {8B09A85E-198D-42BD-AD78-48ED7A69D730}
	EndGlobalSection
EndGlobal
